
Microsoft Visual Studio Solution File, Format Version 11.00
# Visual Studio 2010
Project("{8BC9CEB8-8B4A-11D0-8D11-00A0C91BC942}") = "18矩阵运算", "18矩阵运算\18矩阵运算.vcxproj", "{C68E4371-41F4-4086-BCC2-9F440CF167F2}"
EndProject
Global
	GlobalSection(SolutionConfigurationPlatforms) = preSolution
		Debug|Win32 = Debug|Win32
		Release|Win32 = Release|Win32
	EndGlobalSection
	GlobalSection(ProjectConfigurationPlatforms) = postSolution
		{C68E4371-41F4-4086-BCC2-9F440CF167F2}.Debug|Win32.ActiveCfg = Debug|Win32
		{C68E4371-41F4-4086-BCC2-9F440CF167F2}.Debug|Win32.Build.0 = Debug|Win32
		{C68E4371-41F4-4086-BCC2-9F440CF167F2}.Release|Win32.ActiveCfg = Release|Win32
		{C68E4371-41F4-4086-BCC2-9F440CF167F2}.Release|Win32.Build.0 = Release|Win32
	EndGlobalSection
	GlobalSection(SolutionProperties) = preSolution
		HideSolutionNode = FALSE
	EndGlobalSection
EndGlobal
